
Microsoft Visual Studio Solution File, Format Version 12.00
# Visual Studio 15
VisualStudioVersion = 15.0.27004.2006
MinimumVisualStudioVersion = 10.0.40219.1
Project("{FAE04EC0-301F-11D3-BF4B-00C04F79EFBC}") = "ItemResponse", "ItemResponse.csproj", "{90AAD5D7-8A24-4CAE-9DC5-EAA5D86D7FDC}"
EndProject
Global
	GlobalSection(SolutionConfigurationPlatforms) = preSolution
		Debug|Any CPU = Debug|Any CPU
		Release|Any CPU = Release|Any CPU
	EndGlobalSection
	GlobalSection(ProjectConfigurationPlatforms) = postSolution
		{90AAD5D7-8A24-4CAE-9DC5-EAA5D86D7FDC}.Debug|Any CPU.ActiveCfg = Debug|Any CPU
		{90AAD5D7-8A24-4CAE-9DC5-EAA5D86D7FDC}.Debug|Any CPU.Build.0 = Debug|Any CPU
		{90AAD5D7-8A24-4CAE-9DC5-EAA5D86D7FDC}.Release|Any CPU.ActiveCfg = Release|Any CPU
		{90AAD5D7-8A24-4CAE-9DC5-EAA5D86D7FDC}.Release|Any CPU.Build.0 = Release|Any CPU
	EndGlobalSection
	GlobalSection(SolutionProperties) = preSolution
		HideSolutionNode = FALSE
	EndGlobalSection
	GlobalSection(ExtensibilityGlobals) = postSolution
		SolutionGuid = {9EF2C835-6165-4F17-B692-960DF98D40D0}
	EndGlobalSection
EndGlobal
